// !$*UTF8*$!
{
	archiveVersion = 1;
	classes = {
	};
	objectVersion = 46;
	objects = {

/* Begin PBXBuildFile section */
		A73F41931D2D78980006AA45 /* HobbyCollectionViewHeader.swift in Sources */ = {isa = PBXBuildFile; fileRef = A73F41921D2D78980006AA45 /* HobbyCollectionViewHeader.swift */; };
		A74B74F41D259B5800E53144 /* Constants.swift in Sources */ = {isa = PBXBuildFile; fileRef = A74B74F31D259B5800E53144 /* Constants.swift */; };
		A79A4D6A1D20689B00FA1D8A /* AppDelegate.swift in Sources */ = {isa = PBXBuildFile; fileRef = A79A4D691D20689B00FA1D8A /* AppDelegate.swift */; };
		A79A4D6F1D20689B00FA1D8A /* Main.storyboard in Resources */ = {isa = PBXBuildFile; fileRef = A79A4D6D1D20689B00FA1D8A /* Main.storyboard */; };
		A79A4D711D20689B00FA1D8A /* Assets.xcassets in Resources */ = {isa = PBXBuildFile; fileRef = A79A4D701D20689B00FA1D8A /* Assets.xcassets */; };
		A79A4D741D20689B00FA1D8A /* LaunchScreen.storyboard in Resources */ = {isa = PBXBuildFile; fileRef = A79A4D721D20689B00FA1D8A /* LaunchScreen.storyboard */; };
		A79A4D7C1D2068B700FA1D8A /* MapKit.framework in Frameworks */ = {isa = PBXBuildFile; fileRef = A79A4D7B1D2068B700FA1D8A /* MapKit.framework */; };
		A7B83E141D24596F0018FABF /* SFLBaseModel.swift in Sources */ = {isa = PBXBuildFile; fileRef = A7B83E121D24596F0018FABF /* SFLBaseModel.swift */; };
		A7B83E151D24596F0018FABF /* SFLConnection.swift in Sources */ = {isa = PBXBuildFile; fileRef = A7B83E131D24596F0018FABF /* SFLConnection.swift */; };
		A7B83E171D245AE10018FABF /* HobbyShareViewController.swift in Sources */ = {isa = PBXBuildFile; fileRef = A7B83E161D245AE10018FABF /* HobbyShareViewController.swift */; };
		A7B83E191D245B070018FABF /* MeViewController.swift in Sources */ = {isa = PBXBuildFile; fileRef = A7B83E181D245B070018FABF /* MeViewController.swift */; };
		A7B83E1B1D245B290018FABF /* EditHobbiesViewController.swift in Sources */ = {isa = PBXBuildFile; fileRef = A7B83E1A1D245B290018FABF /* EditHobbiesViewController.swift */; };
		A7B83E1D1D245B380018FABF /* NeighborsViewController.swift in Sources */ = {isa = PBXBuildFile; fileRef = A7B83E1C1D245B380018FABF /* NeighborsViewController.swift */; };
		A7B83E201D2460A50018FABF /* Models.swift in Sources */ = {isa = PBXBuildFile; fileRef = A7B83E1F1D2460A50018FABF /* Models.swift */; };
		A7B83E221D2461930018FABF /* DataProviders.swift in Sources */ = {isa = PBXBuildFile; fileRef = A7B83E211D2461930018FABF /* DataProviders.swift */; };
		A7B83E241D246AF60018FABF /* HobbyCollectionViewCell.swift in Sources */ = {isa = PBXBuildFile; fileRef = A7B83E231D246AF60018FABF /* HobbyCollectionViewCell.swift */; };
/* End PBXBuildFile section */

/* Begin PBXFileReference section */
		A73F41921D2D78980006AA45 /* HobbyCollectionViewHeader.swift */ = {isa = PBXFileReference; fileEncoding = 4; lastKnownFileType = sourcecode.swift; path = HobbyCollectionViewHeader.swift; sourceTree = "<group>"; };
		A74B74F31D259B5800E53144 /* Constants.swift */ = {isa = PBXFileReference; fileEncoding = 4; lastKnownFileType = sourcecode.swift; path = Constants.swift; sourceTree = "<group>"; };
		A79A4D661D20689A00FA1D8A /* HoBshare.app */ = {isa = PBXFileReference; explicitFileType = wrapper.application; includeInIndex = 0; path = HoBshare.app; sourceTree = BUILT_PRODUCTS_DIR; };
		A79A4D691D20689B00FA1D8A /* AppDelegate.swift */ = {isa = PBXFileReference; lastKnownFileType = sourcecode.swift; path = AppDelegate.swift; sourceTree = "<group>"; };
		A79A4D6E1D20689B00FA1D8A /* Base */ = {isa = PBXFileReference; lastKnownFileType = file.storyboard; name = Base; path = Base.lproj/Main.storyboard; sourceTree = "<group>"; };
		A79A4D701D20689B00FA1D8A /* Assets.xcassets */ = {isa = PBXFileReference; lastKnownFileType = folder.assetcatalog; path = Assets.xcassets; sourceTree = "<group>"; };
		A79A4D731D20689B00FA1D8A /* Base */ = {isa = PBXFileReference; lastKnownFileType = file.storyboard; name = Base; path = Base.lproj/LaunchScreen.storyboard; sourceTree = "<group>"; };
		A79A4D751D20689B00FA1D8A /* Info.plist */ = {isa = PBXFileReference; lastKnownFileType = text.plist.xml; path = Info.plist; sourceTree = "<group>"; };
		A79A4D7B1D2068B700FA1D8A /* MapKit.framework */ = {isa = PBXFileReference; lastKnownFileType = wrapper.framework; name = MapKit.framework; path = System/Library/Frameworks/MapKit.framework; sourceTree = SDKROOT; };
		A7B83E121D24596F0018FABF /* SFLBaseModel.swift */ = {isa = PBXFileReference; fileEncoding = 4; lastKnownFileType = sourcecode.swift; path = SFLBaseModel.swift; sourceTree = "<group>"; };
		A7B83E131D24596F0018FABF /* SFLConnection.swift */ = {isa = PBXFileReference; fileEncoding = 4; lastKnownFileType = sourcecode.swift; path = SFLConnection.swift; sourceTree = "<group>"; };
		A7B83E161D245AE10018FABF /* HobbyShareViewController.swift */ = {isa = PBXFileReference; fileEncoding = 4; lastKnownFileType = sourcecode.swift; path = HobbyShareViewController.swift; sourceTree = "<group>"; };
		A7B83E181D245B070018FABF /* MeViewController.swift */ = {isa = PBXFileReference; fileEncoding = 4; lastKnownFileType = sourcecode.swift; path = MeViewController.swift; sourceTree = "<group>"; };
		A7B83E1A1D245B290018FABF /* EditHobbiesViewController.swift */ = {isa = PBXFileReference; fileEncoding = 4; lastKnownFileType = sourcecode.swift; path = EditHobbiesViewController.swift; sourceTree = "<group>"; };
		A7B83E1C1D245B380018FABF /* NeighborsViewController.swift */ = {isa = PBXFileReference; fileEncoding = 4; lastKnownFileType = sourcecode.swift; path = NeighborsViewController.swift; sourceTree = "<group>"; };
		A7B83E1F1D2460A50018FABF /* Models.swift */ = {isa = PBXFileReference; fileEncoding = 4; lastKnownFileType = sourcecode.swift; path = Models.swift; sourceTree = "<group>"; };
		A7B83E211D2461930018FABF /* DataProviders.swift */ = {isa = PBXFileReference; fileEncoding = 4; lastKnownFileType = sourcecode.swift; path = DataProviders.swift; sourceTree = "<group>"; };
		A7B83E231D246AF60018FABF /* HobbyCollectionViewCell.swift */ = {isa = PBXFileReference; fileEncoding = 4; lastKnownFileType = sourcecode.swift; path = HobbyCollectionViewCell.swift; sourceTree = "<group>"; };
/* End PBXFileReference section */

/* Begin PBXFrameworksBuildPhase section */
		A79A4D631D20689900FA1D8A /* Frameworks */ = {
			isa = PBXFrameworksBuildPhase;
			buildActionMask = 2147483647;
			files = (
				A79A4D7C1D2068B700FA1D8A /* MapKit.framework in Frameworks */,
			);
			runOnlyForDeploymentPostprocessing = 0;
		};
/* End PBXFrameworksBuildPhase section */

/* Begin PBXGroup section */
		A79A4D5D1D20689900FA1D8A = {
			isa = PBXGroup;
			children = (
				A79A4D681D20689A00FA1D8A /* HoBshare */,
				A79A4D7D1D2068BB00FA1D8A /* Frameworks */,
				A79A4D671D20689A00FA1D8A /* Products */,
			);
			sourceTree = "<group>";
		};
		A79A4D671D20689A00FA1D8A /* Products */ = {
			isa = PBXGroup;
			children = (
				A79A4D661D20689A00FA1D8A /* HoBshare.app */,
			);
			name = Products;
			sourceTree = "<group>";
		};
		A79A4D681D20689A00FA1D8A /* HoBshare */ = {
			isa = PBXGroup;
			children = (
				A79A4D691D20689B00FA1D8A /* AppDelegate.swift */,
				A79A4D6D1D20689B00FA1D8A /* Main.storyboard */,
				A7B83E121D24596F0018FABF /* SFLBaseModel.swift */,
				A7B83E131D24596F0018FABF /* SFLConnection.swift */,
				A7B83E1F1D2460A50018FABF /* Models.swift */,
				A7B83E211D2461930018FABF /* DataProviders.swift */,
				A7B83E231D246AF60018FABF /* HobbyCollectionViewCell.swift */,
				A73F41921D2D78980006AA45 /* HobbyCollectionViewHeader.swift */,
				A74B74F31D259B5800E53144 /* Constants.swift */,
				A7B83E1E1D2460770018FABF /* ViewControllers */,
				A79A4D701D20689B00FA1D8A /* Assets.xcassets */,
				A79A4D721D20689B00FA1D8A /* LaunchScreen.storyboard */,
				A79A4D751D20689B00FA1D8A /* Info.plist */,
			);
			path = HoBshare;
			sourceTree = "<group>";
		};
		A79A4D7D1D2068BB00FA1D8A /* Frameworks */ = {
			isa = PBXGroup;
			children = (
				A79A4D7B1D2068B700FA1D8A /* MapKit.framework */,
			);
			name = Frameworks;
			sourceTree = "<group>";
		};
		A7B83E1E1D2460770018FABF /* ViewControllers */ = {
			isa = PBXGroup;
			children = (
				A7B83E161D245AE10018FABF /* HobbyShareViewController.swift */,
				A7B83E181D245B070018FABF /* MeViewController.swift */,
				A7B83E1A1D245B290018FABF /* EditHobbiesViewController.swift */,
				A7B83E1C1D245B380018FABF /* NeighborsViewController.swift */,
			);
			name = ViewControllers;
			sourceTree = "<group>";
		};
/* End PBXGroup section */

/* Begin PBXNativeTarget section */
		A79A4D651D20689900FA1D8A /* HoBshare */ = {
			isa = PBXNativeTarget;
			buildConfigurationList = A79A4D781D20689B00FA1D8A /* Build configuration list for PBXNativeTarget "HoBshare" */;
			buildPhases = (
				A79A4D621D20689900FA1D8A /* Sources */,
				A79A4D631D20689900FA1D8A /* Frameworks */,
				A79A4D641D20689900FA1D8A /* Resources */,
			);
			buildRules = (
			);
			dependencies = (
			);
			name = HoBshare;
			productName = HoBshare;
			productReference = A79A4D661D20689A00FA1D8A /* HoBshare.app */;
			productType = "com.apple.product-type.application";
		};
/* End PBXNativeTarget section */

/* Begin PBXProject section */
		A79A4D5E1D20689900FA1D8A /* Project object */ = {
			isa = PBXProject;
			attributes = {
				LastSwiftUpdateCheck = 0730;
				LastUpgradeCheck = 0730;
				ORGANIZATIONNAME = "Alexey Huralnyk";
				TargetAttributes = {
					A79A4D651D20689900FA1D8A = {
						CreatedOnToolsVersion = 7.3;
					};
				};
			};
			buildConfigurationList = A79A4D611D20689900FA1D8A /* Build configuration list for PBXProject "HoBshare" */;
			compatibilityVersion = "Xcode 3.2";
			developmentRegion = English;
			hasScannedForEncodings = 0;
			knownRegions = (
				en,
				Base,
			);
			mainGroup = A79A4D5D1D20689900FA1D8A;
			productRefGroup = A79A4D671D20689A00FA1D8A /* Products */;
			projectDirPath = "";
			projectRoot = "";
			targets = (
				A79A4D651D20689900FA1D8A /* HoBshare */,
			);
		};
/* End PBXProject section */

/* Begin PBXResourcesBuildPhase section */
		A79A4D641D20689900FA1D8A /* Resources */ = {
			isa = PBXResourcesBuildPhase;
			buildActionMask = 2147483647;
			files = (
				A79A4D741D20689B00FA1D8A /* LaunchScreen.storyboard in Resources */,
				A79A4D711D20689B00FA1D8A /* Assets.xcassets in Resources */,
				A79A4D6F1D20689B00FA1D8A /* Main.storyboard in Resources */,
			);
			runOnlyForDeploymentPostprocessing = 0;
		};
/* End PBXResourcesBuildPhase section */

/* Begin PBXSourcesBuildPhase section */
		A79A4D621D20689900FA1D8A /* Sources */ = {
			isa = PBXSourcesBuildPhase;
			buildActionMask = 2147483647;
			files = (
				A7B83E1D1D245B380018FABF /* NeighborsViewController.swift in Sources */,
				A74B74F41D259B5800E53144 /* Constants.swift in Sources */,
				A73F41931D2D78980006AA45 /* HobbyCollectionViewHeader.swift in Sources */,
				A7B83E191D245B070018FABF /* MeViewController.swift in Sources */,
				A7B83E141D24596F0018FABF /* SFLBaseModel.swift in Sources */,
				A7B83E221D2461930018FABF /* DataProviders.swift in Sources */,
				A7B83E201D2460A50018FABF /* Models.swift in Sources */,
				A7B83E241D246AF60018FABF /* HobbyCollectionViewCell.swift in Sources */,
				A7B83E1B1D245B290018FABF /* EditHobbiesViewController.swift in Sources */,
				A79A4D6A1D20689B00FA1D8A /* AppDelegate.swift in Sources */,
				A7B83E151D24596F0018FABF /* SFLConnection.swift in Sources */,
				A7B83E171D245AE10018FABF /* HobbyShareViewController.swift in Sources */,
			);
			runOnlyForDeploymentPostprocessing = 0;
		};
/* End PBXSourcesBuildPhase section */

/* Begin PBXVariantGroup section */
		A79A4D6D1D20689B00FA1D8A /* Main.storyboard */ = {
			isa = PBXVariantGroup;
			children = (
				A79A4D6E1D20689B00FA1D8A /* Base */,
			);
			name = Main.storyboard;
			sourceTree = "<group>";
		};
		A79A4D721D20689B00FA1D8A /* LaunchScreen.storyboard */ = {
			isa = PBXVariantGroup;
			children = (
				A79A4D731D20689B00FA1D8A /* Base */,
			);
			name = LaunchScreen.storyboard;
			sourceTree = "<group>";
		};
/* End PBXVariantGroup section */

/* Begin XCBuildConfiguration section */
		A79A4D761D20689B00FA1D8A /* Debug */ = {
			isa = XCBuildConfiguration;
			buildSettings = {
				ALWAYS_SEARCH_USER_PATHS = NO;
				CLANG_ANALYZER_NONNULL = YES;
				CLANG_CXX_LANGUAGE_STANDARD = "gnu++0x";
				CLANG_CXX_LIBRARY = "libc++";
				CLANG_ENABLE_MODULES = YES;
				CLANG_ENABLE_OBJC_ARC = YES;
				CLANG_WARN_BOOL_CONVERSION = YES;
				CLANG_WARN_CONSTANT_CONVERSION = YES;
				CLANG_WARN_DIRECT_OBJC_ISA_USAGE = YES_ERROR;
				CLANG_WARN_EMPTY_BODY = YES;
				CLANG_WARN_ENUM_CONVERSION = YES;
				CLANG_WARN_INT_CONVERSION = YES;
				CLANG_WARN_OBJC_ROOT_CLASS = YES_ERROR;
				CLANG_WARN_UNREACHABLE_CODE = YES;
				CLANG_WARN__DUPLICATE_METHOD_MATCH = YES;
				"CODE_SIGN_IDENTITY[sdk=iphoneos*]" = "iPhone Developer";
				COPY_PHASE_STRIP = NO;
				DEBUG_INFORMATION_FORMAT = dwarf;
				ENABLE_STRICT_OBJC_MSGSEND = YES;
				ENABLE_TESTABILITY = YES;
				GCC_C_LANGUAGE_STANDARD = gnu99;
				GCC_DYNAMIC_NO_PIC = NO;
				GCC_NO_COMMON_BLOCKS = YES;
				GCC_OPTIMIZATION_LEVEL = 0;
				GCC_PREPROCESSOR_DEFINITIONS = (
					"DEBUG=1",
					"$(inherited)",
				);
				GCC_WARN_64_TO_32_BIT_CONVERSION = YES;
				GCC_WARN_ABOUT_RETURN_TYPE = YES_ERROR;
				GCC_WARN_UNDECLARED_SELECTOR = YES;
				GCC_WARN_UNINITIALIZED_AUTOS = YES_AGGRESSIVE;
				GCC_WARN_UNUSED_FUNCTION = YES;
				GCC_WARN_UNUSED_VARIABLE = YES;
				IPHONEOS_DEPLOYMENT_TARGET = 9.3;
				MTL_ENABLE_DEBUG_INFO = YES;
				ONLY_ACTIVE_ARCH = YES;
				SDKROOT = iphoneos;
				SWIFT_OPTIMIZATION_LEVEL = "-Onone";
			};
			name = Debug;
		};
		A79A4D771D20689B00FA1D8A /* Release */ = {
			isa = XCBuildConfiguration;
			buildSettings = {
				ALWAYS_SEARCH_USER_PATHS = NO;
				CLANG_ANALYZER_NONNULL = YES;
				CLANG_CXX_LANGUAGE_STANDARD = "gnu++0x";
				CLANG_CXX_LIBRARY = "libc++";
				CLANG_ENABLE_MODULES = YES;
				CLANG_ENABLE_OBJC_ARC = YES;
				CLANG_WARN_BOOL_CONVERSION = YES;
				CLANG_WARN_CONSTANT_CONVERSION = YES;
				CLANG_WARN_DIRECT_OBJC_ISA_USAGE = YES_ERROR;
				CLANG_WARN_EMPTY_BODY = YES;
				CLANG_WARN_ENUM_CONVERSION = YES;
				CLANG_WARN_INT_CONVERSION = YES;
				CLANG_WARN_OBJC_ROOT_CLASS = YES_ERROR;
				CLANG_WARN_UNREACHABLE_CODE = YES;
				CLANG_WARN__DUPLICATE_METHOD_MATCH = YES;
				"CODE_SIGN_IDENTITY[sdk=iphoneos*]" = "iPhone Developer";
				COPY_PHASE_STRIP = NO;
				DEBUG_INFORMATION_FORMAT = "dwarf-with-dsym";
				ENABLE_NS_ASSERTIONS = NO;
				ENABLE_STRICT_OBJC_MSGSEND = YES;
				GCC_C_LANGUAGE_STANDARD = gnu99;
				GCC_NO_COMMON_BLOCKS = YES;
				GCC_WARN_64_TO_32_BIT_CONVERSION = YES;
				GCC_WARN_ABOUT_RETURN_TYPE = YES_ERROR;
				GCC_WARN_UNDECLARED_SELECTOR = YES;
				GCC_WARN_UNINITIALIZED_AUTOS = YES_AGGRESSIVE;
				GCC_WARN_UNUSED_FUNCTION = YES;
				GCC_WARN_UNUSED_VARIABLE = YES;
				IPHONEOS_DEPLOYMENT_TARGET = 9.3;
				MTL_ENABLE_DEBUG_INFO = NO;
				SDKROOT = iphoneos;
				VALIDATE_PRODUCT = YES;
			};
			name = Release;
		};
		A79A4D791D20689B00FA1D8A /* Debug */ = {
			isa = XCBuildConfiguration;
			buildSettings = {
				ASSETCATALOG_COMPILER_APPICON_NAME = AppIcon;
				INFOPLIST_FILE = HoBshare/Info.plist;
				LD_RUNPATH_SEARCH_PATHS = "$(inherited) @executable_path/Frameworks";
				PRODUCT_BUNDLE_IDENTIFIER = com.coursera.HoBshare;
				PRODUCT_NAME = "$(TARGET_NAME)";
			};
			name = Debug;
		};
		A79A4D7A1D20689B00FA1D8A /* Release */ = {
			isa = XCBuildConfiguration;
			buildSettings = {
				ASSETCATALOG_COMPILER_APPICON_NAME = AppIcon;
				INFOPLIST_FILE = HoBshare/Info.plist;
				LD_RUNPATH_SEARCH_PATHS = "$(inherited) @executable_path/Frameworks";
				PRODUCT_BUNDLE_IDENTIFIER = com.coursera.HoBshare;
				PRODUCT_NAME = "$(TARGET_NAME)";
			};
			name = Release;
		};
/* End XCBuildConfiguration section */

/* Begin XCConfigurationList section */
		A79A4D611D20689900FA1D8A /* Build configuration list for PBXProject "HoBshare" */ = {
			isa = XCConfigurationList;
			buildConfigurations = (
				A79A4D761D20689B00FA1D8A /* Debug */,
				A79A4D771D20689B00FA1D8A /* Release */,
			);
			defaultConfigurationIsVisible = 0;
			defaultConfigurationName = Release;
		};
		A79A4D781D20689B00FA1D8A /* Build configuration list for PBXNativeTarget "HoBshare" */ = {
			isa = XCConfigurationList;
			buildConfigurations = (
				A79A4D791D20689B00FA1D8A /* Debug */,
				A79A4D7A1D20689B00FA1D8A /* Release */,
			);
			defaultConfigurationIsVisible = 0;
			defaultConfigurationName = Release;
		};
/* End XCConfigurationList section */
	};
	rootObject = A79A4D5E1D20689900FA1D8A /* Project object */;
}
